
Microsoft Visual Studio Solution File, Format Version 12.00
# Visual Studio Version 17
VisualStudioVersion = 17.8.34525.116
MinimumVisualStudioVersion = 10.0.40219.1
Project("{FAE04EC0-301F-11D3-BF4B-00C04F79EFBC}") = "GridDB", "GridDB\GridDB.csproj", "{68B02747-1EB2-4015-9EA8-E65174CEDCCA}"
EndProject
Global
	GlobalSection(SolutionConfigurationPlatforms) = preSolution
		Debug|x64 = Debug|x64
	EndGlobalSection
	GlobalSection(ProjectConfigurationPlatforms) = postSolution
		{68B02747-1EB2-4015-9EA8-E65174CEDCCA}.Debug|x64.ActiveCfg = Debug|x64
		{68B02747-1EB2-4015-9EA8-E65174CEDCCA}.Debug|x64.Build.0 = Debug|x64
	EndGlobalSection
	GlobalSection(SolutionProperties) = preSolution
		HideSolutionNode = FALSE
	EndGlobalSection
	GlobalSection(ExtensibilityGlobals) = postSolution
		SolutionGuid = {B746BB5C-31C1-433E-8CBA-B0A3E28A06A5}
	EndGlobalSection
EndGlobal
